# This file is automatically @generated by Cargo.
# It is not intended for manual editing.
version = 3

[[package]]
name = "tagup_parser"
version = "0.1.0"
dependencies = [
 "tagup_scanner",
]

[[package]]
name = "tagup_scanner"
version = "0.1.0"

[[package]]
name = "tagupc"
version = "0.1.0"
dependencies = [
 "tagup_parser",
 "tagup_scanner",
]
